
Microsoft Visual Studio Solution File, Format Version 12.00
# Visual Studio Version 16
VisualStudioVersion = 16.0.30804.86
MinimumVisualStudioVersion = 10.0.40219.1
Project("{FAE04EC0-301F-11D3-BF4B-00C04F79EFBC}") = "SecureLocalStorage", "SecureLocalStorage\SecureLocalStorage.csproj", "{0AEEFF12-EEE6-4AE8-A27F-99210C67F1C7}"
EndProject
Global
	GlobalSection(SolutionConfigurationPlatforms) = preSolution
		Debug|Any CPU = Debug|Any CPU
		Release|Any CPU = Release|Any CPU
	EndGlobalSection
	GlobalSection(ProjectConfigurationPlatforms) = postSolution
		{0AEEFF12-EEE6-4AE8-A27F-99210C67F1C7}.Debug|Any CPU.ActiveCfg = Debug|Any CPU
		{0AEEFF12-EEE6-4AE8-A27F-99210C67F1C7}.Debug|Any CPU.Build.0 = Debug|Any CPU
		{0AEEFF12-EEE6-4AE8-A27F-99210C67F1C7}.Release|Any CPU.ActiveCfg = Release|Any CPU
		{0AEEFF12-EEE6-4AE8-A27F-99210C67F1C7}.Release|Any CPU.Build.0 = Release|Any CPU
	EndGlobalSection
	GlobalSection(SolutionProperties) = preSolution
		HideSolutionNode = FALSE
	EndGlobalSection
	GlobalSection(ExtensibilityGlobals) = postSolution
		SolutionGuid = {B762C66C-8F40-4AC4-963F-FB499EAED4DA}
	EndGlobalSection
EndGlobal
